
Microsoft Visual Studio Solution File, Format Version 12.00
# Visual Studio Version 17
VisualStudioVersion = 17.8.34316.72
MinimumVisualStudioVersion = 10.0.40219.1
Project("{FAE04EC0-301F-11D3-BF4B-00C04F79EFBC}") = "ServerSide", "ServerSide\ServerSide.csproj", "{0B898F76-D460-430A-80ED-50725C6EB9DE}"
EndProject
Project("{FAE04EC0-301F-11D3-BF4B-00C04F79EFBC}") = "Common", "Common\Common.csproj", "{D0DDB853-8D9B-4777-BB18-F087D6321FD6}"
EndProject
Project("{FAE04EC0-301F-11D3-BF4B-00C04F79EFBC}") = "ClientSide", "ClientSide\ClientSide.csproj", "{886B0DE4-9656-4E9D-B974-A339EB5DAC2A}"
EndProject
Global
	GlobalSection(SolutionConfigurationPlatforms) = preSolution
		Debug|Any CPU = Debug|Any CPU
		Release|Any CPU = Release|Any CPU
	EndGlobalSection
	GlobalSection(ProjectConfigurationPlatforms) = postSolution
		{0B898F76-D460-430A-80ED-50725C6EB9DE}.Debug|Any CPU.ActiveCfg = Debug|Any CPU
		{0B898F76-D460-430A-80ED-50725C6EB9DE}.Debug|Any CPU.Build.0 = Debug|Any CPU
		{0B898F76-D460-430A-80ED-50725C6EB9DE}.Release|Any CPU.ActiveCfg = Release|Any CPU
		{0B898F76-D460-430A-80ED-50725C6EB9DE}.Release|Any CPU.Build.0 = Release|Any CPU
		{D0DDB853-8D9B-4777-BB18-F087D6321FD6}.Debug|Any CPU.ActiveCfg = Debug|Any CPU
		{D0DDB853-8D9B-4777-BB18-F087D6321FD6}.Debug|Any CPU.Build.0 = Debug|Any CPU
		{D0DDB853-8D9B-4777-BB18-F087D6321FD6}.Release|Any CPU.ActiveCfg = Release|Any CPU
		{D0DDB853-8D9B-4777-BB18-F087D6321FD6}.Release|Any CPU.Build.0 = Release|Any CPU
		{886B0DE4-9656-4E9D-B974-A339EB5DAC2A}.Debug|Any CPU.ActiveCfg = Debug|Any CPU
		{886B0DE4-9656-4E9D-B974-A339EB5DAC2A}.Debug|Any CPU.Build.0 = Debug|Any CPU
		{886B0DE4-9656-4E9D-B974-A339EB5DAC2A}.Release|Any CPU.ActiveCfg = Release|Any CPU
		{886B0DE4-9656-4E9D-B974-A339EB5DAC2A}.Release|Any CPU.Build.0 = Release|Any CPU
	EndGlobalSection
	GlobalSection(SolutionProperties) = preSolution
		HideSolutionNode = FALSE
	EndGlobalSection
	GlobalSection(ExtensibilityGlobals) = postSolution
		SolutionGuid = {830A2430-BE37-4C09-BDFD-B7C7FA5F3B97}
	EndGlobalSection
EndGlobal
